<?xml version="1.0" encoding="utf-8"?>
<Project ToolsVersion="4.0" xmlns="http://schemas.microsoft.com/developer/msbuild/2003">
  <ItemGroup>
    <Filter Include="源文件">
      <UniqueIdentifier>{4FC737F1-C7A5-4376-A066-2A32D752A2FF}</UniqueIdentifier>
      <Extensions>cpp;c;cc;cxx;c++;cppm;ixx;def;odl;idl;hpj;bat;asm;asmx</Extensions>
    </Filter>
    <Filter Include="头文件">
      <UniqueIdentifier>{93995380-89BD-4b04-88EB-625FBE52EBFB}</UniqueIdentifier>
      <Extensions>h;hh;hpp;hxx;h++;hm;inl;inc;ipp;xsd</Extensions>
    </Filter>
    <Filter Include="资源文件">
      <UniqueIdentifier>{67DA6AB6-F800-4c08-8B7A-83BB121AAD01}</UniqueIdentifier>
      <Extensions>rc;ico;cur;bmp;dlg;rc2;rct;bin;rgs;gif;jpg;jpeg;jpe;resx;tiff;tif;png;wav;mfcribbon-ms</Extensions>
    </Filter>
    <Filter Include="lua">
      <UniqueIdentifier>{4404cdbd-e25f-4778-b02a-3789f022dd77}</UniqueIdentifier>
    </Filter>
  </ItemGroup>
  <ItemGroup>
    <ClInclude Include="TestMfc.h">
      <Filter>头文件</Filter>
    </ClInclude>
    <ClInclude Include="TestMfcDlg.h">
      <Filter>头文件</Filter>
    </ClInclude>
    <ClInclude Include="framework.h">
      <Filter>头文件</Filter>
    </ClInclude>
    <ClInclude Include="targetver.h">
      <Filter>头文件</Filter>
    </ClInclude>
    <ClInclude Include="Resource.h">
      <Filter>头文件</Filter>
    </ClInclude>
    <ClInclude Include="pch.h">
      <Filter>头文件</Filter>
    </ClInclude>
    <ClInclude Include="lua\lua\lapi.h">
      <Filter>lua</Filter>
    </ClInclude>
    <ClInclude Include="lua\lua\lauxlib.h">
      <Filter>lua</Filter>
    </ClInclude>
    <ClInclude Include="lua\lua\lcode.h">
      <Filter>lua</Filter>
    </ClInclude>
    <ClInclude Include="lua\lua\lctype.h">
      <Filter>lua</Filter>
    </ClInclude>
    <ClInclude Include="lua\lua\ldebug.h">
      <Filter>lua</Filter>
    </ClInclude>
    <ClInclude Include="lua\lua\ldo.h">
      <Filter>lua</Filter>
    </ClInclude>
    <ClInclude Include="lua\lua\lfunc.h">
      <Filter>lua</Filter>
    </ClInclude>
    <ClInclude Include="lua\lua\lgc.h">
      <Filter>lua</Filter>
    </ClInclude>
    <ClInclude Include="lua\lua\ljumptab.h">
      <Filter>lua</Filter>
    </ClInclude>
    <ClInclude Include="lua\lua\llex.h">
      <Filter>lua</Filter>
    </ClInclude>
    <ClInclude Include="lua\lua\llimits.h">
      <Filter>lua</Filter>
    </ClInclude>
    <ClInclude Include="lua\lua\lmem.h">
      <Filter>lua</Filter>
    </ClInclude>
    <ClInclude Include="lua\lua\lobject.h">
      <Filter>lua</Filter>
    </ClInclude>
    <ClInclude Include="lua\lua\lopcodes.h">
      <Filter>lua</Filter>
    </ClInclude>
    <ClInclude Include="lua\lua\lopnames.h">
      <Filter>lua</Filter>
    </ClInclude>
    <ClInclude Include="lua\lua\lparser.h">
      <Filter>lua</Filter>
    </ClInclude>
    <ClInclude Include="lua\lua\lprefix.h">
      <Filter>lua</Filter>
    </ClInclude>
    <ClInclude Include="lua\lua\lstate.h">
      <Filter>lua</Filter>
    </ClInclude>
    <ClInclude Include="lua\lua\lstring.h">
      <Filter>lua</Filter>
    </ClInclude>
    <ClInclude Include="lua\lua\ltable.h">
      <Filter>lua</Filter>
    </ClInclude>
    <ClInclude Include="lua\lua\ltests.h">
      <Filter>lua</Filter>
    </ClInclude>
    <ClInclude Include="lua\lua\ltm.h">
      <Filter>lua</Filter>
    </ClInclude>
    <ClInclude Include="lua\lua\lua.h">
      <Filter>lua</Filter>
    </ClInclude>
    <ClInclude Include="lua\lua\luaconf.h">
      <Filter>lua</Filter>
    </ClInclude>
    <ClInclude Include="lua\lua\lualib.h">
      <Filter>lua</Filter>
    </ClInclude>
    <ClInclude Include="lua\lua\lundump.h">
      <Filter>lua</Filter>
    </ClInclude>
    <ClInclude Include="lua\lua\lvm.h">
      <Filter>lua</Filter>
    </ClInclude>
    <ClInclude Include="lua\lua\lzio.h">
      <Filter>lua</Filter>
    </ClInclude>
  </ItemGroup>
  <ItemGroup>
    <ClCompile Include="TestMfc.cpp">
      <Filter>源文件</Filter>
    </ClCompile>
    <ClCompile Include="TestMfcDlg.cpp">
      <Filter>源文件</Filter>
    </ClCompile>
    <ClCompile Include="pch.cpp">
      <Filter>源文件</Filter>
    </ClCompile>
    <ClCompile Include="lua\lua\lapi.c">
      <Filter>lua</Filter>
    </ClCompile>
    <ClCompile Include="lua\lua\lauxlib.c">
      <Filter>lua</Filter>
    </ClCompile>
    <ClCompile Include="lua\lua\lbaselib.c">
      <Filter>lua</Filter>
    </ClCompile>
    <ClCompile Include="lua\lua\lcode.c">
      <Filter>lua</Filter>
    </ClCompile>
    <ClCompile Include="lua\lua\lcorolib.c">
      <Filter>lua</Filter>
    </ClCompile>
    <ClCompile Include="lua\lua\lctype.c">
      <Filter>lua</Filter>
    </ClCompile>
    <ClCompile Include="lua\lua\ldblib.c">
      <Filter>lua</Filter>
    </ClCompile>
    <ClCompile Include="lua\lua\ldebug.c">
      <Filter>lua</Filter>
    </ClCompile>
    <ClCompile Include="lua\lua\ldo.c">
      <Filter>lua</Filter>
    </ClCompile>
    <ClCompile Include="lua\lua\ldump.c">
      <Filter>lua</Filter>
    </ClCompile>
    <ClCompile Include="lua\lua\lfunc.c">
      <Filter>lua</Filter>
    </ClCompile>
    <ClCompile Include="lua\lua\lgc.c">
      <Filter>lua</Filter>
    </ClCompile>
    <ClCompile Include="lua\lua\linit.c">
      <Filter>lua</Filter>
    </ClCompile>
    <ClCompile Include="lua\lua\liolib.c">
      <Filter>lua</Filter>
    </ClCompile>
    <ClCompile Include="lua\lua\llex.c">
      <Filter>lua</Filter>
    </ClCompile>
    <ClCompile Include="lua\lua\lmathlib.c">
      <Filter>lua</Filter>
    </ClCompile>
    <ClCompile Include="lua\lua\lmem.c">
      <Filter>lua</Filter>
    </ClCompile>
    <ClCompile Include="lua\lua\loadlib.c">
      <Filter>lua</Filter>
    </ClCompile>
    <ClCompile Include="lua\lua\lobject.c">
      <Filter>lua</Filter>
    </ClCompile>
    <ClCompile Include="lua\lua\lopcodes.c">
      <Filter>lua</Filter>
    </ClCompile>
    <ClCompile Include="lua\lua\loslib.c">
      <Filter>lua</Filter>
    </ClCompile>
    <ClCompile Include="lua\lua\lparser.c">
      <Filter>lua</Filter>
    </ClCompile>
    <ClCompile Include="lua\lua\lstate.c">
      <Filter>lua</Filter>
    </ClCompile>
    <ClCompile Include="lua\lua\lstring.c">
      <Filter>lua</Filter>
    </ClCompile>
    <ClCompile Include="lua\lua\lstrlib.c">
      <Filter>lua</Filter>
    </ClCompile>
    <ClCompile Include="lua\lua\ltable.c">
      <Filter>lua</Filter>
    </ClCompile>
    <ClCompile Include="lua\lua\ltablib.c">
      <Filter>lua</Filter>
    </ClCompile>
    <ClCompile Include="lua\lua\ltests.c">
      <Filter>lua</Filter>
    </ClCompile>
    <ClCompile Include="lua\lua\ltm.c">
      <Filter>lua</Filter>
    </ClCompile>
    <ClCompile Include="lua\lua\lua.c">
      <Filter>lua</Filter>
    </ClCompile>
    <ClCompile Include="lua\lua\lundump.c">
      <Filter>lua</Filter>
    </ClCompile>
    <ClCompile Include="lua\lua\lutf8lib.c">
      <Filter>lua</Filter>
    </ClCompile>
    <ClCompile Include="lua\lua\lvm.c">
      <Filter>lua</Filter>
    </ClCompile>
    <ClCompile Include="lua\lua\lzio.c">
      <Filter>lua</Filter>
    </ClCompile>
    <ClCompile Include="lua\lua\onelua.c">
      <Filter>lua</Filter>
    </ClCompile>
  </ItemGroup>
  <ItemGroup>
    <ResourceCompile Include="TestMfc.rc">
      <Filter>资源文件</Filter>
    </ResourceCompile>
  </ItemGroup>
  <ItemGroup>
    <None Include="res\TestMfc.rc2">
      <Filter>资源文件</Filter>
    </None>
    <None Include="lua\lua\all">
      <Filter>lua</Filter>
    </None>
  </ItemGroup>
  <ItemGroup>
    <Image Include="res\TestMfc.ico">
      <Filter>资源文件</Filter>
    </Image>
    <Image Include="res\toolbar1.bmp">
      <Filter>资源文件</Filter>
    </Image>
  </ItemGroup>
</Project>